
Microsoft Visual Studio Solution File, Format Version 12.00
# Visual Studio Version 17
VisualStudioVersion = 17.14.36327.8 d17.14
MinimumVisualStudioVersion = 10.0.40219.1
Project("{FAE04EC0-301F-11D3-BF4B-00C04F79EFBC}") = "interf", "interf\interf.csproj", "{B279D8F7-2B71-4A84-90D2-C4F4E729E5A5}"
EndProject
Global
	GlobalSection(SolutionConfigurationPlatforms) = preSolution
		Debug|Any CPU = Debug|Any CPU
		Release|Any CPU = Release|Any CPU
	EndGlobalSection
	GlobalSection(ProjectConfigurationPlatforms) = postSolution
		{B279D8F7-2B71-4A84-90D2-C4F4E729E5A5}.Debug|Any CPU.ActiveCfg = Debug|Any CPU
		{B279D8F7-2B71-4A84-90D2-C4F4E729E5A5}.Debug|Any CPU.Build.0 = Debug|Any CPU
		{B279D8F7-2B71-4A84-90D2-C4F4E729E5A5}.Release|Any CPU.ActiveCfg = Release|Any CPU
		{B279D8F7-2B71-4A84-90D2-C4F4E729E5A5}.Release|Any CPU.Build.0 = Release|Any CPU
	EndGlobalSection
	GlobalSection(SolutionProperties) = preSolution
		HideSolutionNode = FALSE
	EndGlobalSection
	GlobalSection(ExtensibilityGlobals) = postSolution
		SolutionGuid = {E8192C2B-8746-446A-B301-B21A3D8A475B}
	EndGlobalSection
EndGlobal
